
Microsoft Visual Studio Solution File, Format Version 12.00
# Visual Studio Version 17
VisualStudioVersion = 17.13.35818.85 d17.13
MinimumVisualStudioVersion = 10.0.40219.1
Project("{FAE04EC0-301F-11D3-BF4B-00C04F79EFBC}") = "TPMOD5_103022330051", "TPMOD5_103022330051\TPMOD5_103022330051.csproj", "{754D0DEC-A998-4646-BC5F-FBB8CF5E6886}"
EndProject
Global
	GlobalSection(SolutionConfigurationPlatforms) = preSolution
		Debug|Any CPU = Debug|Any CPU
		Release|Any CPU = Release|Any CPU
	EndGlobalSection
	GlobalSection(ProjectConfigurationPlatforms) = postSolution
		{754D0DEC-A998-4646-BC5F-FBB8CF5E6886}.Debug|Any CPU.ActiveCfg = Debug|Any CPU
		{754D0DEC-A998-4646-BC5F-FBB8CF5E6886}.Debug|Any CPU.Build.0 = Debug|Any CPU
		{754D0DEC-A998-4646-BC5F-FBB8CF5E6886}.Release|Any CPU.ActiveCfg = Release|Any CPU
		{754D0DEC-A998-4646-BC5F-FBB8CF5E6886}.Release|Any CPU.Build.0 = Release|Any CPU
	EndGlobalSection
	GlobalSection(SolutionProperties) = preSolution
		HideSolutionNode = FALSE
	EndGlobalSection
	GlobalSection(ExtensibilityGlobals) = postSolution
		SolutionGuid = {D3D6FF1B-0975-4527-84D7-F75FBD494A29}
	EndGlobalSection
EndGlobal
